
Microsoft Visual Studio Solution File, Format Version 12.00
# Visual Studio Version 17
VisualStudioVersion = 17.2.32616.157
MinimumVisualStudioVersion = 10.0.40219.1
Project("{9A19103F-16F7-4668-BE54-9A1E7A4F7556}") = "Entities", "Entities\Entities.csproj", "{71D4E2D1-2B65-4221-88CC-8671FDD2EBBC}"
EndProject
Project("{9A19103F-16F7-4668-BE54-9A1E7A4F7556}") = "Core", "Core\Core.csproj", "{4C191A4E-65BB-4704-A355-E7F5AA9E15F1}"
EndProject
Project("{9A19103F-16F7-4668-BE54-9A1E7A4F7556}") = "DataAccess", "DataAccess\DataAccess.csproj", "{A38F4753-FE9C-4443-83E2-835CA368546F}"
EndProject
Project("{9A19103F-16F7-4668-BE54-9A1E7A4F7556}") = "Business", "Business\Business.csproj", "{9CA62E39-E67A-4349-A84E-28117D70E0B5}"
EndProject
Project("{9A19103F-16F7-4668-BE54-9A1E7A4F7556}") = "ConsoleCar", "ConsoleCar\ConsoleCar.csproj", "{80B808CD-D7D3-44FE-974A-EDDA2E9CD559}"
EndProject
Project("{FAE04EC0-301F-11D3-BF4B-00C04F79EFBC}") = "WebAPI", "WebAPI\WebAPI.csproj", "{986E8449-2D3F-412E-BB87-256CF79875B4}"
EndProject
Global
	GlobalSection(SolutionConfigurationPlatforms) = preSolution
		Debug|Any CPU = Debug|Any CPU
		Release|Any CPU = Release|Any CPU
	EndGlobalSection
	GlobalSection(ProjectConfigurationPlatforms) = postSolution
		{71D4E2D1-2B65-4221-88CC-8671FDD2EBBC}.Debug|Any CPU.ActiveCfg = Debug|Any CPU
		{71D4E2D1-2B65-4221-88CC-8671FDD2EBBC}.Debug|Any CPU.Build.0 = Debug|Any CPU
		{71D4E2D1-2B65-4221-88CC-8671FDD2EBBC}.Release|Any CPU.ActiveCfg = Release|Any CPU
		{71D4E2D1-2B65-4221-88CC-8671FDD2EBBC}.Release|Any CPU.Build.0 = Release|Any CPU
		{4C191A4E-65BB-4704-A355-E7F5AA9E15F1}.Debug|Any CPU.ActiveCfg = Debug|Any CPU
		{4C191A4E-65BB-4704-A355-E7F5AA9E15F1}.Debug|Any CPU.Build.0 = Debug|Any CPU
		{4C191A4E-65BB-4704-A355-E7F5AA9E15F1}.Release|Any CPU.ActiveCfg = Release|Any CPU
		{4C191A4E-65BB-4704-A355-E7F5AA9E15F1}.Release|Any CPU.Build.0 = Release|Any CPU
		{A38F4753-FE9C-4443-83E2-835CA368546F}.Debug|Any CPU.ActiveCfg = Debug|Any CPU
		{A38F4753-FE9C-4443-83E2-835CA368546F}.Debug|Any CPU.Build.0 = Debug|Any CPU
		{A38F4753-FE9C-4443-83E2-835CA368546F}.Release|Any CPU.ActiveCfg = Release|Any CPU
		{A38F4753-FE9C-4443-83E2-835CA368546F}.Release|Any CPU.Build.0 = Release|Any CPU
		{9CA62E39-E67A-4349-A84E-28117D70E0B5}.Debug|Any CPU.ActiveCfg = Debug|Any CPU
		{9CA62E39-E67A-4349-A84E-28117D70E0B5}.Debug|Any CPU.Build.0 = Debug|Any CPU
		{9CA62E39-E67A-4349-A84E-28117D70E0B5}.Release|Any CPU.ActiveCfg = Release|Any CPU
		{9CA62E39-E67A-4349-A84E-28117D70E0B5}.Release|Any CPU.Build.0 = Release|Any CPU
		{80B808CD-D7D3-44FE-974A-EDDA2E9CD559}.Debug|Any CPU.ActiveCfg = Debug|Any CPU
		{80B808CD-D7D3-44FE-974A-EDDA2E9CD559}.Debug|Any CPU.Build.0 = Debug|Any CPU
		{80B808CD-D7D3-44FE-974A-EDDA2E9CD559}.Release|Any CPU.ActiveCfg = Release|Any CPU
		{80B808CD-D7D3-44FE-974A-EDDA2E9CD559}.Release|Any CPU.Build.0 = Release|Any CPU
		{986E8449-2D3F-412E-BB87-256CF79875B4}.Debug|Any CPU.ActiveCfg = Debug|Any CPU
		{986E8449-2D3F-412E-BB87-256CF79875B4}.Debug|Any CPU.Build.0 = Debug|Any CPU
		{986E8449-2D3F-412E-BB87-256CF79875B4}.Release|Any CPU.ActiveCfg = Release|Any CPU
		{986E8449-2D3F-412E-BB87-256CF79875B4}.Release|Any CPU.Build.0 = Release|Any CPU
	EndGlobalSection
	GlobalSection(SolutionProperties) = preSolution
		HideSolutionNode = FALSE
	EndGlobalSection
	GlobalSection(ExtensibilityGlobals) = postSolution
		SolutionGuid = {515BF81B-28DB-4889-9D99-729981919F42}
	EndGlobalSection
EndGlobal
